// !$*UTF8*$!
{
	archiveVersion = 1;
	classes = {
	};
	objectVersion = 50;
	objects = {

/* Begin PBXBuildFile section */
		9415D56A2591C0E100E17058 /* EntryItem.swift in Sources */ = {isa = PBXBuildFile; fileRef = 9415D5682591C0E100E17058 /* EntryItem.swift */; };
		94389E42257D149A00F43679 /* TitleView.swift in Sources */ = {isa = PBXBuildFile; fileRef = 94389E3E257D149A00F43679 /* TitleView.swift */; };
		94389E43257D149A00F43679 /* TextEntryView.swift in Sources */ = {isa = PBXBuildFile; fileRef = 94389E3F257D149A00F43679 /* TextEntryView.swift */; };
		94389E44257D149A00F43679 /* SubView.swift in Sources */ = {isa = PBXBuildFile; fileRef = 94389E40257D149A00F43679 /* SubView.swift */; };
		94389E45257D149A00F43679 /* imageCell.swift in Sources */ = {isa = PBXBuildFile; fileRef = 94389E41257D149A00F43679 /* imageCell.swift */; };
		94389E49257D14AC00F43679 /* ViewController+Extension.swift in Sources */ = {isa = PBXBuildFile; fileRef = 94389E48257D14AC00F43679 /* ViewController+Extension.swift */; };
		94389E54257D14BC00F43679 /* GoogleSans-Italic.ttf in Resources */ = {isa = PBXBuildFile; fileRef = 94389E4D257D14BC00F43679 /* GoogleSans-Italic.ttf */; };
		94389E55257D14BC00F43679 /* GoogleSans-Bold.ttf in Resources */ = {isa = PBXBuildFile; fileRef = 94389E4E257D14BC00F43679 /* GoogleSans-Bold.ttf */; };
		94389E56257D14BC00F43679 /* GoogleSans-BoldItalic.ttf in Resources */ = {isa = PBXBuildFile; fileRef = 94389E4F257D14BC00F43679 /* GoogleSans-BoldItalic.ttf */; };
		94389E57257D14BC00F43679 /* GoogleSans-Regular.ttf in Resources */ = {isa = PBXBuildFile; fileRef = 94389E50257D14BC00F43679 /* GoogleSans-Regular.ttf */; };
		94389E58257D14BC00F43679 /* README.md in Resources */ = {isa = PBXBuildFile; fileRef = 94389E51257D14BC00F43679 /* README.md */; };
		94389E59257D14BC00F43679 /* GoogleSans-MediumItalic.ttf in Resources */ = {isa = PBXBuildFile; fileRef = 94389E52257D14BC00F43679 /* GoogleSans-MediumItalic.ttf */; };
		94389E5A257D14BC00F43679 /* GoogleSans-Medium.ttf in Resources */ = {isa = PBXBuildFile; fileRef = 94389E53257D14BC00F43679 /* GoogleSans-Medium.ttf */; };
		94389E61257D14D800F43679 /* ViewController.swift in Sources */ = {isa = PBXBuildFile; fileRef = 94389E5D257D14D800F43679 /* ViewController.swift */; };
		94389E62257D14D800F43679 /* HomeController.swift in Sources */ = {isa = PBXBuildFile; fileRef = 94389E5E257D14D800F43679 /* HomeController.swift */; };
		94389E63257D14D800F43679 /* MainViewController.swift in Sources */ = {isa = PBXBuildFile; fileRef = 94389E5F257D14D800F43679 /* MainViewController.swift */; };
		94389E64257D14D800F43679 /* DiaryIEntryController.swift in Sources */ = {isa = PBXBuildFile; fileRef = 94389E60257D14D800F43679 /* DiaryIEntryController.swift */; };
		94389E6A257D14EA00F43679 /* EntryDBHelper.swift in Sources */ = {isa = PBXBuildFile; fileRef = 94389E67257D14E900F43679 /* EntryDBHelper.swift */; };
		94389E6B257D14EA00F43679 /* Diary_Entry+CoreDataProperties.swift in Sources */ = {isa = PBXBuildFile; fileRef = 94389E68257D14E900F43679 /* Diary_Entry+CoreDataProperties.swift */; };
		94389E6C257D14EA00F43679 /* Diary_Entry+CoreDataClass.swift in Sources */ = {isa = PBXBuildFile; fileRef = 94389E69257D14E900F43679 /* Diary_Entry+CoreDataClass.swift */; };
		944FB0E925970AF0009EFF77 /* String+Extension.swift in Sources */ = {isa = PBXBuildFile; fileRef = 944FB0E825970AEF009EFF77 /* String+Extension.swift */; };
		944FB0ED25970CBA009EFF77 /* EmojiCell.swift in Sources */ = {isa = PBXBuildFile; fileRef = 944FB0EC25970CBA009EFF77 /* EmojiCell.swift */; };
		944FB0F025972F6C009EFF77 /* EmojiPicker.swift in Sources */ = {isa = PBXBuildFile; fileRef = 944FB0EF25972F6C009EFF77 /* EmojiPicker.swift */; };
		94A6B3362585F107001E0D8E /* TxtImageCell.swift in Sources */ = {isa = PBXBuildFile; fileRef = 94A6B3342585F107001E0D8E /* TxtImageCell.swift */; };
		94A6B3372585F107001E0D8E /* TxtImageCell.xib in Resources */ = {isa = PBXBuildFile; fileRef = 94A6B3352585F107001E0D8E /* TxtImageCell.xib */; };
		94A6B33F258607CC001E0D8E /* ImageViewController.swift in Sources */ = {isa = PBXBuildFile; fileRef = 94A6B33E258607CC001E0D8E /* ImageViewController.swift */; };
		94A7248C251604A600F33F3C /* AppDelegate.swift in Sources */ = {isa = PBXBuildFile; fileRef = 94A7248B251604A600F33F3C /* AppDelegate.swift */; };
		94A7248E251604A600F33F3C /* SceneDelegate.swift in Sources */ = {isa = PBXBuildFile; fileRef = 94A7248D251604A600F33F3C /* SceneDelegate.swift */; };
		94A72490251604A600F33F3C /* RootViewController.swift in Sources */ = {isa = PBXBuildFile; fileRef = 94A7248F251604A600F33F3C /* RootViewController.swift */; };
		94A72493251604A600F33F3C /* Main.storyboard in Resources */ = {isa = PBXBuildFile; fileRef = 94A72491251604A600F33F3C /* Main.storyboard */; };
		94A72496251604A600F33F3C /* My_Diary.xcdatamodeld in Sources */ = {isa = PBXBuildFile; fileRef = 94A72494251604A600F33F3C /* My_Diary.xcdatamodeld */; };
		94A72498251604C900F33F3C /* Assets.xcassets in Resources */ = {isa = PBXBuildFile; fileRef = 94A72497251604C900F33F3C /* Assets.xcassets */; };
		94A7249B251604C900F33F3C /* LaunchScreen.storyboard in Resources */ = {isa = PBXBuildFile; fileRef = 94A72499251604C900F33F3C /* LaunchScreen.storyboard */; };
		94F7ECF2258FAA1A0089B8B6 /* TextCell.swift in Sources */ = {isa = PBXBuildFile; fileRef = 94F7ECF0258FAA1A0089B8B6 /* TextCell.swift */; };
		94F7ECF3258FAA1A0089B8B6 /* TextCell.xib in Resources */ = {isa = PBXBuildFile; fileRef = 94F7ECF1258FAA1A0089B8B6 /* TextCell.xib */; };
/* End PBXBuildFile section */

/* Begin PBXFileReference section */
		9415D5682591C0E100E17058 /* EntryItem.swift */ = {isa = PBXFileReference; fileEncoding = 4; lastKnownFileType = sourcecode.swift; path = EntryItem.swift; sourceTree = "<group>"; };
		94389E3E257D149A00F43679 /* TitleView.swift */ = {isa = PBXFileReference; fileEncoding = 4; lastKnownFileType = sourcecode.swift; path = TitleView.swift; sourceTree = "<group>"; };
		94389E3F257D149A00F43679 /* TextEntryView.swift */ = {isa = PBXFileReference; fileEncoding = 4; lastKnownFileType = sourcecode.swift; path = TextEntryView.swift; sourceTree = "<group>"; };
		94389E40257D149A00F43679 /* SubView.swift */ = {isa = PBXFileReference; fileEncoding = 4; lastKnownFileType = sourcecode.swift; path = SubView.swift; sourceTree = "<group>"; };
		94389E41257D149A00F43679 /* imageCell.swift */ = {isa = PBXFileReference; fileEncoding = 4; lastKnownFileType = sourcecode.swift; path = imageCell.swift; sourceTree = "<group>"; };
		94389E48257D14AC00F43679 /* ViewController+Extension.swift */ = {isa = PBXFileReference; fileEncoding = 4; lastKnownFileType = sourcecode.swift; path = "ViewController+Extension.swift"; sourceTree = "<group>"; };
		94389E4D257D14BC00F43679 /* GoogleSans-Italic.ttf */ = {isa = PBXFileReference; lastKnownFileType = file; path = "GoogleSans-Italic.ttf"; sourceTree = "<group>"; };
		94389E4E257D14BC00F43679 /* GoogleSans-Bold.ttf */ = {isa = PBXFileReference; lastKnownFileType = file; path = "GoogleSans-Bold.ttf"; sourceTree = "<group>"; };
		94389E4F257D14BC00F43679 /* GoogleSans-BoldItalic.ttf */ = {isa = PBXFileReference; lastKnownFileType = file; path = "GoogleSans-BoldItalic.ttf"; sourceTree = "<group>"; };
		94389E50257D14BC00F43679 /* GoogleSans-Regular.ttf */ = {isa = PBXFileReference; lastKnownFileType = file; path = "GoogleSans-Regular.ttf"; sourceTree = "<group>"; };
		94389E51257D14BC00F43679 /* README.md */ = {isa = PBXFileReference; fileEncoding = 4; lastKnownFileType = net.daringfireball.markdown; path = README.md; sourceTree = "<group>"; };
		94389E52257D14BC00F43679 /* GoogleSans-MediumItalic.ttf */ = {isa = PBXFileReference; lastKnownFileType = file; path = "GoogleSans-MediumItalic.ttf"; sourceTree = "<group>"; };
		94389E53257D14BC00F43679 /* GoogleSans-Medium.ttf */ = {isa = PBXFileReference; lastKnownFileType = file; path = "GoogleSans-Medium.ttf"; sourceTree = "<group>"; };
		94389E5D257D14D800F43679 /* ViewController.swift */ = {isa = PBXFileReference; fileEncoding = 4; lastKnownFileType = sourcecode.swift; path = ViewController.swift; sourceTree = "<group>"; };
		94389E5E257D14D800F43679 /* HomeController.swift */ = {isa = PBXFileReference; fileEncoding = 4; lastKnownFileType = sourcecode.swift; path = HomeController.swift; sourceTree = "<group>"; };
		94389E5F257D14D800F43679 /* MainViewController.swift */ = {isa = PBXFileReference; fileEncoding = 4; lastKnownFileType = sourcecode.swift; path = MainViewController.swift; sourceTree = "<group>"; };
		94389E60257D14D800F43679 /* DiaryIEntryController.swift */ = {isa = PBXFileReference; fileEncoding = 4; lastKnownFileType = sourcecode.swift; path = DiaryIEntryController.swift; sourceTree = "<group>"; };
		94389E67257D14E900F43679 /* EntryDBHelper.swift */ = {isa = PBXFileReference; fileEncoding = 4; lastKnownFileType = sourcecode.swift; path = EntryDBHelper.swift; sourceTree = "<group>"; };
		94389E68257D14E900F43679 /* Diary_Entry+CoreDataProperties.swift */ = {isa = PBXFileReference; fileEncoding = 4; lastKnownFileType = sourcecode.swift; path = "Diary_Entry+CoreDataProperties.swift"; sourceTree = "<group>"; };
		94389E69257D14E900F43679 /* Diary_Entry+CoreDataClass.swift */ = {isa = PBXFileReference; fileEncoding = 4; lastKnownFileType = sourcecode.swift; path = "Diary_Entry+CoreDataClass.swift"; sourceTree = "<group>"; };
		944FB0E825970AEF009EFF77 /* String+Extension.swift */ = {isa = PBXFileReference; lastKnownFileType = sourcecode.swift; path = "String+Extension.swift"; sourceTree = "<group>"; };
		944FB0EC25970CBA009EFF77 /* EmojiCell.swift */ = {isa = PBXFileReference; lastKnownFileType = sourcecode.swift; path = EmojiCell.swift; sourceTree = "<group>"; };
		944FB0EF25972F6C009EFF77 /* EmojiPicker.swift */ = {isa = PBXFileReference; lastKnownFileType = sourcecode.swift; path = EmojiPicker.swift; sourceTree = "<group>"; };
		94A6B3342585F107001E0D8E /* TxtImageCell.swift */ = {isa = PBXFileReference; lastKnownFileType = sourcecode.swift; path = TxtImageCell.swift; sourceTree = "<group>"; };
		94A6B3352585F107001E0D8E /* TxtImageCell.xib */ = {isa = PBXFileReference; lastKnownFileType = file.xib; path = TxtImageCell.xib; sourceTree = "<group>"; };
		94A6B33E258607CC001E0D8E /* ImageViewController.swift */ = {isa = PBXFileReference; lastKnownFileType = sourcecode.swift; path = ImageViewController.swift; sourceTree = "<group>"; };
		94A72488251604A600F33F3C /* My Diary.app */ = {isa = PBXFileReference; explicitFileType = wrapper.application; includeInIndex = 0; path = "My Diary.app"; sourceTree = BUILT_PRODUCTS_DIR; };
		94A7248B251604A600F33F3C /* AppDelegate.swift */ = {isa = PBXFileReference; lastKnownFileType = sourcecode.swift; path = AppDelegate.swift; sourceTree = "<group>"; };
		94A7248D251604A600F33F3C /* SceneDelegate.swift */ = {isa = PBXFileReference; lastKnownFileType = sourcecode.swift; path = SceneDelegate.swift; sourceTree = "<group>"; };
		94A7248F251604A600F33F3C /* RootViewController.swift */ = {isa = PBXFileReference; lastKnownFileType = sourcecode.swift; path = RootViewController.swift; sourceTree = "<group>"; };
		94A72492251604A600F33F3C /* Base */ = {isa = PBXFileReference; lastKnownFileType = file.storyboard; name = Base; path = Base.lproj/Main.storyboard; sourceTree = "<group>"; };
		94A72495251604A600F33F3C /* My_Diary.xcdatamodel */ = {isa = PBXFileReference; lastKnownFileType = wrapper.xcdatamodel; path = My_Diary.xcdatamodel; sourceTree = "<group>"; };
		94A72497251604C900F33F3C /* Assets.xcassets */ = {isa = PBXFileReference; lastKnownFileType = folder.assetcatalog; path = Assets.xcassets; sourceTree = "<group>"; };
		94A7249A251604C900F33F3C /* Base */ = {isa = PBXFileReference; lastKnownFileType = file.storyboard; name = Base; path = Base.lproj/LaunchScreen.storyboard; sourceTree = "<group>"; };
		94A7249C251604C900F33F3C /* Info.plist */ = {isa = PBXFileReference; lastKnownFileType = text.plist.xml; path = Info.plist; sourceTree = "<group>"; };
		94F7ECF0258FAA1A0089B8B6 /* TextCell.swift */ = {isa = PBXFileReference; lastKnownFileType = sourcecode.swift; path = TextCell.swift; sourceTree = "<group>"; };
		94F7ECF1258FAA1A0089B8B6 /* TextCell.xib */ = {isa = PBXFileReference; lastKnownFileType = file.xib; path = TextCell.xib; sourceTree = "<group>"; };
/* End PBXFileReference section */

/* Begin PBXFrameworksBuildPhase section */
		94A72485251604A600F33F3C /* Frameworks */ = {
			isa = PBXFrameworksBuildPhase;
			buildActionMask = 2147483647;
			files = (
			);
			runOnlyForDeploymentPostprocessing = 0;
		};
/* End PBXFrameworksBuildPhase section */

/* Begin PBXGroup section */
		9415D5672591C0D300E17058 /* Model */ = {
			isa = PBXGroup;
			children = (
				9415D5682591C0E100E17058 /* EntryItem.swift */,
			);
			path = Model;
			sourceTree = "<group>";
		};
		94389E3D257D149A00F43679 /* Views */ = {
			isa = PBXGroup;
			children = (
				94389E3E257D149A00F43679 /* TitleView.swift */,
				94389E3F257D149A00F43679 /* TextEntryView.swift */,
				94389E40257D149A00F43679 /* SubView.swift */,
				94389E41257D149A00F43679 /* imageCell.swift */,
				944FB0EC25970CBA009EFF77 /* EmojiCell.swift */,
			);
			path = Views;
			sourceTree = "<group>";
		};
		94389E47257D14AC00F43679 /* Extensions */ = {
			isa = PBXGroup;
			children = (
				94389E48257D14AC00F43679 /* ViewController+Extension.swift */,
				944FB0E825970AEF009EFF77 /* String+Extension.swift */,
			);
			path = Extensions;
			sourceTree = "<group>";
		};
		94389E4B257D14BC00F43679 /* Resources */ = {
			isa = PBXGroup;
			children = (
				94389E4C257D14BC00F43679 /* Fonts */,
			);
			path = Resources;
			sourceTree = "<group>";
		};
		94389E4C257D14BC00F43679 /* Fonts */ = {
			isa = PBXGroup;
			children = (
				94389E4D257D14BC00F43679 /* GoogleSans-Italic.ttf */,
				94389E4E257D14BC00F43679 /* GoogleSans-Bold.ttf */,
				94389E4F257D14BC00F43679 /* GoogleSans-BoldItalic.ttf */,
				94389E50257D14BC00F43679 /* GoogleSans-Regular.ttf */,
				94389E51257D14BC00F43679 /* README.md */,
				94389E52257D14BC00F43679 /* GoogleSans-MediumItalic.ttf */,
				94389E53257D14BC00F43679 /* GoogleSans-Medium.ttf */,
			);
			path = Fonts;
			sourceTree = "<group>";
		};
		94389E5C257D14D800F43679 /* Controllers */ = {
			isa = PBXGroup;
			children = (
				94389E5D257D14D800F43679 /* ViewController.swift */,
				94389E5E257D14D800F43679 /* HomeController.swift */,
				94389E5F257D14D800F43679 /* MainViewController.swift */,
				94389E60257D14D800F43679 /* DiaryIEntryController.swift */,
				94A6B33E258607CC001E0D8E /* ImageViewController.swift */,
				944FB0EF25972F6C009EFF77 /* EmojiPicker.swift */,
			);
			path = Controllers;
			sourceTree = "<group>";
		};
		94389E66257D14E900F43679 /* Core Data */ = {
			isa = PBXGroup;
			children = (
				94389E67257D14E900F43679 /* EntryDBHelper.swift */,
				94389E68257D14E900F43679 /* Diary_Entry+CoreDataProperties.swift */,
				94389E69257D14E900F43679 /* Diary_Entry+CoreDataClass.swift */,
			);
			path = "Core Data";
			sourceTree = "<group>";
		};
		94A6B3332585EF43001E0D8E /* Cells */ = {
			isa = PBXGroup;
			children = (
				94A6B3342585F107001E0D8E /* TxtImageCell.swift */,
				94A6B3352585F107001E0D8E /* TxtImageCell.xib */,
				94F7ECF0258FAA1A0089B8B6 /* TextCell.swift */,
				94F7ECF1258FAA1A0089B8B6 /* TextCell.xib */,
			);
			path = Cells;
			sourceTree = "<group>";
		};
		94A7247F251604A600F33F3C = {
			isa = PBXGroup;
			children = (
				94A7248A251604A600F33F3C /* My Diary */,
				94A72489251604A600F33F3C /* Products */,
			);
			sourceTree = "<group>";
		};
		94A72489251604A600F33F3C /* Products */ = {
			isa = PBXGroup;
			children = (
				94A72488251604A600F33F3C /* My Diary.app */,
			);
			name = Products;
			sourceTree = "<group>";
		};
		94A7248A251604A600F33F3C /* My Diary */ = {
			isa = PBXGroup;
			children = (
				9415D5672591C0D300E17058 /* Model */,
				94A6B3332585EF43001E0D8E /* Cells */,
				94A7248B251604A600F33F3C /* AppDelegate.swift */,
				94A7248D251604A600F33F3C /* SceneDelegate.swift */,
				94389E66257D14E900F43679 /* Core Data */,
				94389E5C257D14D800F43679 /* Controllers */,
				94389E4B257D14BC00F43679 /* Resources */,
				94389E47257D14AC00F43679 /* Extensions */,
				94389E3D257D149A00F43679 /* Views */,
				94A7248F251604A600F33F3C /* RootViewController.swift */,
				94A72491251604A600F33F3C /* Main.storyboard */,
				94A72497251604C900F33F3C /* Assets.xcassets */,
				94A72499251604C900F33F3C /* LaunchScreen.storyboard */,
				94A7249C251604C900F33F3C /* Info.plist */,
				94A72494251604A600F33F3C /* My_Diary.xcdatamodeld */,
			);
			path = "My Diary";
			sourceTree = "<group>";
		};
/* End PBXGroup section */

/* Begin PBXNativeTarget section */
		94A72487251604A600F33F3C /* My Diary */ = {
			isa = PBXNativeTarget;
			buildConfigurationList = 94A7249F251604C900F33F3C /* Build configuration list for PBXNativeTarget "My Diary" */;
			buildPhases = (
				94A72484251604A600F33F3C /* Sources */,
				94A72485251604A600F33F3C /* Frameworks */,
				94A72486251604A600F33F3C /* Resources */,
			);
			buildRules = (
			);
			dependencies = (
			);
			name = "My Diary";
			productName = "My Diary";
			productReference = 94A72488251604A600F33F3C /* My Diary.app */;
			productType = "com.apple.product-type.application";
		};
/* End PBXNativeTarget section */

/* Begin PBXProject section */
		94A72480251604A600F33F3C /* Project object */ = {
			isa = PBXProject;
			attributes = {
				LastSwiftUpdateCheck = 1200;
				LastUpgradeCheck = 1200;
				TargetAttributes = {
					94A72487251604A600F33F3C = {
						CreatedOnToolsVersion = 12.0;
					};
				};
			};
			buildConfigurationList = 94A72483251604A600F33F3C /* Build configuration list for PBXProject "My Diary" */;
			compatibilityVersion = "Xcode 9.3";
			developmentRegion = en;
			hasScannedForEncodings = 0;
			knownRegions = (
				en,
				Base,
			);
			mainGroup = 94A7247F251604A600F33F3C;
			productRefGroup = 94A72489251604A600F33F3C /* Products */;
			projectDirPath = "";
			projectRoot = "";
			targets = (
				94A72487251604A600F33F3C /* My Diary */,
			);
		};
/* End PBXProject section */

/* Begin PBXResourcesBuildPhase section */
		94A72486251604A600F33F3C /* Resources */ = {
			isa = PBXResourcesBuildPhase;
			buildActionMask = 2147483647;
			files = (
				94A7249B251604C900F33F3C /* LaunchScreen.storyboard in Resources */,
				94389E55257D14BC00F43679 /* GoogleSans-Bold.ttf in Resources */,
				94A72498251604C900F33F3C /* Assets.xcassets in Resources */,
				94389E57257D14BC00F43679 /* GoogleSans-Regular.ttf in Resources */,
				94389E59257D14BC00F43679 /* GoogleSans-MediumItalic.ttf in Resources */,
				94A6B3372585F107001E0D8E /* TxtImageCell.xib in Resources */,
				94F7ECF3258FAA1A0089B8B6 /* TextCell.xib in Resources */,
				94389E56257D14BC00F43679 /* GoogleSans-BoldItalic.ttf in Resources */,
				94389E54257D14BC00F43679 /* GoogleSans-Italic.ttf in Resources */,
				94389E5A257D14BC00F43679 /* GoogleSans-Medium.ttf in Resources */,
				94389E58257D14BC00F43679 /* README.md in Resources */,
				94A72493251604A600F33F3C /* Main.storyboard in Resources */,
			);
			runOnlyForDeploymentPostprocessing = 0;
		};
/* End PBXResourcesBuildPhase section */

/* Begin PBXSourcesBuildPhase section */
		94A72484251604A600F33F3C /* Sources */ = {
			isa = PBXSourcesBuildPhase;
			buildActionMask = 2147483647;
			files = (
				94389E6A257D14EA00F43679 /* EntryDBHelper.swift in Sources */,
				94F7ECF2258FAA1A0089B8B6 /* TextCell.swift in Sources */,
				94389E61257D14D800F43679 /* ViewController.swift in Sources */,
				94A6B3362585F107001E0D8E /* TxtImageCell.swift in Sources */,
				94A72490251604A600F33F3C /* RootViewController.swift in Sources */,
				94389E62257D14D800F43679 /* HomeController.swift in Sources */,
				94389E63257D14D800F43679 /* MainViewController.swift in Sources */,
				94A7248C251604A600F33F3C /* AppDelegate.swift in Sources */,
				94A7248E251604A600F33F3C /* SceneDelegate.swift in Sources */,
				94A72496251604A600F33F3C /* My_Diary.xcdatamodeld in Sources */,
				94389E6C257D14EA00F43679 /* Diary_Entry+CoreDataClass.swift in Sources */,
				944FB0E925970AF0009EFF77 /* String+Extension.swift in Sources */,
				9415D56A2591C0E100E17058 /* EntryItem.swift in Sources */,
				94389E49257D14AC00F43679 /* ViewController+Extension.swift in Sources */,
				94389E45257D149A00F43679 /* imageCell.swift in Sources */,
				94389E6B257D14EA00F43679 /* Diary_Entry+CoreDataProperties.swift in Sources */,
				94389E42257D149A00F43679 /* TitleView.swift in Sources */,
				94389E64257D14D800F43679 /* DiaryIEntryController.swift in Sources */,
				94A6B33F258607CC001E0D8E /* ImageViewController.swift in Sources */,
				94389E43257D149A00F43679 /* TextEntryView.swift in Sources */,
				944FB0ED25970CBA009EFF77 /* EmojiCell.swift in Sources */,
				944FB0F025972F6C009EFF77 /* EmojiPicker.swift in Sources */,
				94389E44257D149A00F43679 /* SubView.swift in Sources */,
			);
			runOnlyForDeploymentPostprocessing = 0;
		};
/* End PBXSourcesBuildPhase section */

/* Begin PBXVariantGroup section */
		94A72491251604A600F33F3C /* Main.storyboard */ = {
			isa = PBXVariantGroup;
			children = (
				94A72492251604A600F33F3C /* Base */,
			);
			name = Main.storyboard;
			sourceTree = "<group>";
		};
		94A72499251604C900F33F3C /* LaunchScreen.storyboard */ = {
			isa = PBXVariantGroup;
			children = (
				94A7249A251604C900F33F3C /* Base */,
			);
			name = LaunchScreen.storyboard;
			sourceTree = "<group>";
		};
/* End PBXVariantGroup section */

/* Begin XCBuildConfiguration section */
		94A7249D251604C900F33F3C /* Debug */ = {
			isa = XCBuildConfiguration;
			buildSettings = {
				ALWAYS_SEARCH_USER_PATHS = NO;
				CLANG_ANALYZER_NONNULL = YES;
				CLANG_ANALYZER_NUMBER_OBJECT_CONVERSION = YES_AGGRESSIVE;
				CLANG_CXX_LANGUAGE_STANDARD = "gnu++14";
				CLANG_CXX_LIBRARY = "libc++";
				CLANG_ENABLE_MODULES = YES;
				CLANG_ENABLE_OBJC_ARC = YES;
				CLANG_ENABLE_OBJC_WEAK = YES;
				CLANG_WARN_BLOCK_CAPTURE_AUTORELEASING = YES;
				CLANG_WARN_BOOL_CONVERSION = YES;
				CLANG_WARN_COMMA = YES;
				CLANG_WARN_CONSTANT_CONVERSION = YES;
				CLANG_WARN_DEPRECATED_OBJC_IMPLEMENTATIONS = YES;
				CLANG_WARN_DIRECT_OBJC_ISA_USAGE = YES_ERROR;
				CLANG_WARN_DOCUMENTATION_COMMENTS = YES;
				CLANG_WARN_EMPTY_BODY = YES;
				CLANG_WARN_ENUM_CONVERSION = YES;
				CLANG_WARN_INFINITE_RECURSION = YES;
				CLANG_WARN_INT_CONVERSION = YES;
				CLANG_WARN_NON_LITERAL_NULL_CONVERSION = YES;
				CLANG_WARN_OBJC_IMPLICIT_RETAIN_SELF = YES;
				CLANG_WARN_OBJC_LITERAL_CONVERSION = YES;
				CLANG_WARN_OBJC_ROOT_CLASS = YES_ERROR;
				CLANG_WARN_QUOTED_INCLUDE_IN_FRAMEWORK_HEADER = YES;
				CLANG_WARN_RANGE_LOOP_ANALYSIS = YES;
				CLANG_WARN_STRICT_PROTOTYPES = YES;
				CLANG_WARN_SUSPICIOUS_MOVE = YES;
				CLANG_WARN_UNGUARDED_AVAILABILITY = YES_AGGRESSIVE;
				CLANG_WARN_UNREACHABLE_CODE = YES;
				CLANG_WARN__DUPLICATE_METHOD_MATCH = YES;
				COPY_PHASE_STRIP = NO;
				DEBUG_INFORMATION_FORMAT = dwarf;
				ENABLE_STRICT_OBJC_MSGSEND = YES;
				ENABLE_TESTABILITY = YES;
				GCC_C_LANGUAGE_STANDARD = gnu11;
				GCC_DYNAMIC_NO_PIC = NO;
				GCC_NO_COMMON_BLOCKS = YES;
				GCC_OPTIMIZATION_LEVEL = 0;
				GCC_PREPROCESSOR_DEFINITIONS = (
					"DEBUG=1",
					"$(inherited)",
				);
				GCC_WARN_64_TO_32_BIT_CONVERSION = YES;
				GCC_WARN_ABOUT_RETURN_TYPE = YES_ERROR;
				GCC_WARN_UNDECLARED_SELECTOR = YES;
				GCC_WARN_UNINITIALIZED_AUTOS = YES_AGGRESSIVE;
				GCC_WARN_UNUSED_FUNCTION = YES;
				GCC_WARN_UNUSED_VARIABLE = YES;
				IPHONEOS_DEPLOYMENT_TARGET = 14.0;
				MTL_ENABLE_DEBUG_INFO = INCLUDE_SOURCE;
				MTL_FAST_MATH = YES;
				ONLY_ACTIVE_ARCH = YES;
				SDKROOT = iphoneos;
				SWIFT_ACTIVE_COMPILATION_CONDITIONS = DEBUG;
				SWIFT_OPTIMIZATION_LEVEL = "-Onone";
			};
			name = Debug;
		};
		94A7249E251604C900F33F3C /* Release */ = {
			isa = XCBuildConfiguration;
			buildSettings = {
				ALWAYS_SEARCH_USER_PATHS = NO;
				CLANG_ANALYZER_NONNULL = YES;
				CLANG_ANALYZER_NUMBER_OBJECT_CONVERSION = YES_AGGRESSIVE;
				CLANG_CXX_LANGUAGE_STANDARD = "gnu++14";
				CLANG_CXX_LIBRARY = "libc++";
				CLANG_ENABLE_MODULES = YES;
				CLANG_ENABLE_OBJC_ARC = YES;
				CLANG_ENABLE_OBJC_WEAK = YES;
				CLANG_WARN_BLOCK_CAPTURE_AUTORELEASING = YES;
				CLANG_WARN_BOOL_CONVERSION = YES;
				CLANG_WARN_COMMA = YES;
				CLANG_WARN_CONSTANT_CONVERSION = YES;
				CLANG_WARN_DEPRECATED_OBJC_IMPLEMENTATIONS = YES;
				CLANG_WARN_DIRECT_OBJC_ISA_USAGE = YES_ERROR;
				CLANG_WARN_DOCUMENTATION_COMMENTS = YES;
				CLANG_WARN_EMPTY_BODY = YES;
				CLANG_WARN_ENUM_CONVERSION = YES;
				CLANG_WARN_INFINITE_RECURSION = YES;
				CLANG_WARN_INT_CONVERSION = YES;
				CLANG_WARN_NON_LITERAL_NULL_CONVERSION = YES;
				CLANG_WARN_OBJC_IMPLICIT_RETAIN_SELF = YES;
				CLANG_WARN_OBJC_LITERAL_CONVERSION = YES;
				CLANG_WARN_OBJC_ROOT_CLASS = YES_ERROR;
				CLANG_WARN_QUOTED_INCLUDE_IN_FRAMEWORK_HEADER = YES;
				CLANG_WARN_RANGE_LOOP_ANALYSIS = YES;
				CLANG_WARN_STRICT_PROTOTYPES = YES;
				CLANG_WARN_SUSPICIOUS_MOVE = YES;
				CLANG_WARN_UNGUARDED_AVAILABILITY = YES_AGGRESSIVE;
				CLANG_WARN_UNREACHABLE_CODE = YES;
				CLANG_WARN__DUPLICATE_METHOD_MATCH = YES;
				COPY_PHASE_STRIP = NO;
				DEBUG_INFORMATION_FORMAT = "dwarf-with-dsym";
				ENABLE_NS_ASSERTIONS = NO;
				ENABLE_STRICT_OBJC_MSGSEND = YES;
				GCC_C_LANGUAGE_STANDARD = gnu11;
				GCC_NO_COMMON_BLOCKS = YES;
				GCC_WARN_64_TO_32_BIT_CONVERSION = YES;
				GCC_WARN_ABOUT_RETURN_TYPE = YES_ERROR;
				GCC_WARN_UNDECLARED_SELECTOR = YES;
				GCC_WARN_UNINITIALIZED_AUTOS = YES_AGGRESSIVE;
				GCC_WARN_UNUSED_FUNCTION = YES;
				GCC_WARN_UNUSED_VARIABLE = YES;
				IPHONEOS_DEPLOYMENT_TARGET = 14.0;
				MTL_ENABLE_DEBUG_INFO = NO;
				MTL_FAST_MATH = YES;
				SDKROOT = iphoneos;
				SWIFT_COMPILATION_MODE = wholemodule;
				SWIFT_OPTIMIZATION_LEVEL = "-O";
				VALIDATE_PRODUCT = YES;
			};
			name = Release;
		};
		94A724A0251604C900F33F3C /* Debug */ = {
			isa = XCBuildConfiguration;
			buildSettings = {
				ASSETCATALOG_COMPILER_APPICON_NAME = AppIcon;
				ASSETCATALOG_COMPILER_GLOBAL_ACCENT_COLOR_NAME = AccentColor;
				CODE_SIGN_STYLE = Automatic;
				DEVELOPMENT_TEAM = L54DZDP7Z3;
				INFOPLIST_FILE = "My Diary/Info.plist";
				LD_RUNPATH_SEARCH_PATHS = (
					"$(inherited)",
					"@executable_path/Frameworks",
				);
				PRODUCT_BUNDLE_IDENTIFIER = "com.indian.projects.My-Diary";
				PRODUCT_NAME = "$(TARGET_NAME)";
				SWIFT_VERSION = 5.0;
				TARGETED_DEVICE_FAMILY = 1;
			};
			name = Debug;
		};
		94A724A1251604C900F33F3C /* Release */ = {
			isa = XCBuildConfiguration;
			buildSettings = {
				ASSETCATALOG_COMPILER_APPICON_NAME = AppIcon;
				ASSETCATALOG_COMPILER_GLOBAL_ACCENT_COLOR_NAME = AccentColor;
				CODE_SIGN_STYLE = Automatic;
				DEVELOPMENT_TEAM = L54DZDP7Z3;
				INFOPLIST_FILE = "My Diary/Info.plist";
				LD_RUNPATH_SEARCH_PATHS = (
					"$(inherited)",
					"@executable_path/Frameworks",
				);
				PRODUCT_BUNDLE_IDENTIFIER = "com.indian.projects.My-Diary";
				PRODUCT_NAME = "$(TARGET_NAME)";
				SWIFT_VERSION = 5.0;
				TARGETED_DEVICE_FAMILY = 1;
			};
			name = Release;
		};
/* End XCBuildConfiguration section */

/* Begin XCConfigurationList section */
		94A72483251604A600F33F3C /* Build configuration list for PBXProject "My Diary" */ = {
			isa = XCConfigurationList;
			buildConfigurations = (
				94A7249D251604C900F33F3C /* Debug */,
				94A7249E251604C900F33F3C /* Release */,
			);
			defaultConfigurationIsVisible = 0;
			defaultConfigurationName = Release;
		};
		94A7249F251604C900F33F3C /* Build configuration list for PBXNativeTarget "My Diary" */ = {
			isa = XCConfigurationList;
			buildConfigurations = (
				94A724A0251604C900F33F3C /* Debug */,
				94A724A1251604C900F33F3C /* Release */,
			);
			defaultConfigurationIsVisible = 0;
			defaultConfigurationName = Release;
		};
/* End XCConfigurationList section */

/* Begin XCVersionGroup section */
		94A72494251604A600F33F3C /* My_Diary.xcdatamodeld */ = {
			isa = XCVersionGroup;
			children = (
				94A72495251604A600F33F3C /* My_Diary.xcdatamodel */,
			);
			currentVersion = 94A72495251604A600F33F3C /* My_Diary.xcdatamodel */;
			path = My_Diary.xcdatamodeld;
			sourceTree = "<group>";
			versionGroupType = wrapper.xcdatamodel;
		};
/* End XCVersionGroup section */
	};
	rootObject = 94A72480251604A600F33F3C /* Project object */;
}
